
Microsoft Visual Studio Solution File, Format Version 12.00
# Visual Studio Version 17
VisualStudioVersion = 17.14.36414.22 d17.14
MinimumVisualStudioVersion = 10.0.40219.1
Project("{FAE04EC0-301F-11D3-BF4B-00C04F79EFBC}") = "LogServiceConsumer", "LogServiceConsumer\LogServiceConsumer.csproj", "{ACCCB92A-F06C-4B43-9A6A-7F32F7CB23F5}"
EndProject
Global
	GlobalSection(SolutionConfigurationPlatforms) = preSolution
		Debug|Any CPU = Debug|Any CPU
		Release|Any CPU = Release|Any CPU
	EndGlobalSection
	GlobalSection(ProjectConfigurationPlatforms) = postSolution
		{ACCCB92A-F06C-4B43-9A6A-7F32F7CB23F5}.Debug|Any CPU.ActiveCfg = Debug|Any CPU
		{ACCCB92A-F06C-4B43-9A6A-7F32F7CB23F5}.Debug|Any CPU.Build.0 = Debug|Any CPU
		{ACCCB92A-F06C-4B43-9A6A-7F32F7CB23F5}.Release|Any CPU.ActiveCfg = Release|Any CPU
		{ACCCB92A-F06C-4B43-9A6A-7F32F7CB23F5}.Release|Any CPU.Build.0 = Release|Any CPU
	EndGlobalSection
	GlobalSection(SolutionProperties) = preSolution
		HideSolutionNode = FALSE
	EndGlobalSection
	GlobalSection(ExtensibilityGlobals) = postSolution
		SolutionGuid = {0B425AA8-911F-4B2B-9737-D8F6812E9C93}
	EndGlobalSection
EndGlobal
